
Microsoft Visual Studio Solution File, Format Version 12.00
# Visual Studio Version 16
VisualStudioVersion = 16.0.33027.164
MinimumVisualStudioVersion = 10.0.40219.1
Project("{8BC9CEB8-8B4A-11D0-8D11-00A0C91BC942}") = "timer_test", "timer_test\timer_test.vcxproj", "{AFD2ECDD-185D-41D1-8C4D-4DAA3CFB289F}"
EndProject
Project("{8BC9CEB8-8B4A-11D0-8D11-00A0C91BC942}") = "heap_test", "heap_test\heap_test.vcxproj", "{E2664AE7-EAB4-4348-AEC5-00A38C8F2296}"
EndProject
Project("{8BC9CEB8-8B4A-11D0-8D11-00A0C91BC942}") = "queue_test", "queue_test\queue_test.vcxproj", "{B0796BE0-3327-45E2-BF15-2D8613FD2359}"
EndProject
Project("{8BC9CEB8-8B4A-11D0-8D11-00A0C91BC942}") = "queue_struct", "queue_struct\queue_struct.vcxproj", "{37E26302-0690-4F4D-B061-F08EA2D6AA84}"
EndProject
Project("{2150E333-8FDC-42A3-9474-1A3956D46DE8}") = "uvbook", "uvbook", "{A966BEE6-632F-4DF0-A7DC-1F7D6B11B349}"
EndProject
Project("{8BC9CEB8-8B4A-11D0-8D11-00A0C91BC942}") = "uvwget", "uvwget\uvwget.vcxproj", "{0FCECD38-5D96-43EB-8A57-DC56DCA8C37A}"
EndProject
Project("{8BC9CEB8-8B4A-11D0-8D11-00A0C91BC942}") = "idle", "idle\idle.vcxproj", "{88607AAE-6AA2-45E7-9486-30AD26E406C0}"
EndProject
Project("{8BC9CEB8-8B4A-11D0-8D11-00A0C91BC942}") = "tty", "tty\tty.vcxproj", "{8B727918-093C-41C5-A29B-5DF3CAE82794}"
EndProject
Project("{8BC9CEB8-8B4A-11D0-8D11-00A0C91BC942}") = "tty-gravity", "tty-gravity\tty-gravity.vcxproj", "{1BA0AE4A-6380-44D5-BF9E-B515A36A9BC0}"
EndProject
Project("{8BC9CEB8-8B4A-11D0-8D11-00A0C91BC942}") = "udp-dhcp", "udp-dhcp\udp-dhcp.vcxproj", "{BBFEE4DC-614C-48BC-9034-9A451633D199}"
EndProject
Project("{8BC9CEB8-8B4A-11D0-8D11-00A0C91BC942}") = "dns", "dns\dns.vcxproj", "{81C0F7B8-330F-4AF0-B04C-FC9A764BFCAB}"
EndProject
Project("{8BC9CEB8-8B4A-11D0-8D11-00A0C91BC942}") = "interfaces", "interfaces\interfaces.vcxproj", "{E7410191-5431-4CE2-8198-9DBF1C86329F}"
EndProject
Project("{8BC9CEB8-8B4A-11D0-8D11-00A0C91BC942}") = "thread", "thread\thread.vcxproj", "{0DF25844-9E05-47B4-A815-FC77A38A7EB9}"
EndProject
Project("{8BC9CEB8-8B4A-11D0-8D11-00A0C91BC942}") = "lock", "lock\lock.vcxproj", "{67ACEA98-EFF4-4D69-9B22-D251AB90660E}"
EndProject
Project("{8BC9CEB8-8B4A-11D0-8D11-00A0C91BC942}") = "queue-work", "queue-work\queue-work.vcxproj", "{9CBAE50F-94FA-47A8-B6E2-F4A77BB96A25}"
EndProject
Project("{8BC9CEB8-8B4A-11D0-8D11-00A0C91BC942}") = "progress", "progress\progress.vcxproj", "{DFAB9ABE-6550-4D01-B87E-FCDFA7ECCB6E}"
EndProject
Project("{8BC9CEB8-8B4A-11D0-8D11-00A0C91BC942}") = "pipe-echo-server", "pipe-echo-server\pipe-echo-server.vcxproj", "{3A5DE5A8-C99B-47C1-A653-6C7A6C48A8FE}"
EndProject
Project("{8BC9CEB8-8B4A-11D0-8D11-00A0C91BC942}") = "pipe-echo-client", "pipe-echo-client\pipe-echo-client.vcxproj", "{6696E33B-D3E9-4F50-B7E5-84649B66E73C}"
EndProject
Global
	GlobalSection(SolutionConfigurationPlatforms) = preSolution
		Debug|x64 = Debug|x64
		Debug|x86 = Debug|x86
		Release|x64 = Release|x64
		Release|x86 = Release|x86
	EndGlobalSection
	GlobalSection(ProjectConfigurationPlatforms) = postSolution
		{AFD2ECDD-185D-41D1-8C4D-4DAA3CFB289F}.Debug|x64.ActiveCfg = Debug|x64
		{AFD2ECDD-185D-41D1-8C4D-4DAA3CFB289F}.Debug|x64.Build.0 = Debug|x64
		{AFD2ECDD-185D-41D1-8C4D-4DAA3CFB289F}.Debug|x86.ActiveCfg = Debug|Win32
		{AFD2ECDD-185D-41D1-8C4D-4DAA3CFB289F}.Debug|x86.Build.0 = Debug|Win32
		{AFD2ECDD-185D-41D1-8C4D-4DAA3CFB289F}.Release|x64.ActiveCfg = Release|x64
		{AFD2ECDD-185D-41D1-8C4D-4DAA3CFB289F}.Release|x64.Build.0 = Release|x64
		{AFD2ECDD-185D-41D1-8C4D-4DAA3CFB289F}.Release|x86.ActiveCfg = Release|Win32
		{AFD2ECDD-185D-41D1-8C4D-4DAA3CFB289F}.Release|x86.Build.0 = Release|Win32
		{E2664AE7-EAB4-4348-AEC5-00A38C8F2296}.Debug|x64.ActiveCfg = Debug|x64
		{E2664AE7-EAB4-4348-AEC5-00A38C8F2296}.Debug|x64.Build.0 = Debug|x64
		{E2664AE7-EAB4-4348-AEC5-00A38C8F2296}.Debug|x86.ActiveCfg = Debug|Win32
		{E2664AE7-EAB4-4348-AEC5-00A38C8F2296}.Debug|x86.Build.0 = Debug|Win32
		{E2664AE7-EAB4-4348-AEC5-00A38C8F2296}.Release|x64.ActiveCfg = Release|x64
		{E2664AE7-EAB4-4348-AEC5-00A38C8F2296}.Release|x64.Build.0 = Release|x64
		{E2664AE7-EAB4-4348-AEC5-00A38C8F2296}.Release|x86.ActiveCfg = Release|Win32
		{E2664AE7-EAB4-4348-AEC5-00A38C8F2296}.Release|x86.Build.0 = Release|Win32
		{B0796BE0-3327-45E2-BF15-2D8613FD2359}.Debug|x64.ActiveCfg = Debug|x64
		{B0796BE0-3327-45E2-BF15-2D8613FD2359}.Debug|x64.Build.0 = Debug|x64
		{B0796BE0-3327-45E2-BF15-2D8613FD2359}.Debug|x86.ActiveCfg = Debug|Win32
		{B0796BE0-3327-45E2-BF15-2D8613FD2359}.Debug|x86.Build.0 = Debug|Win32
		{B0796BE0-3327-45E2-BF15-2D8613FD2359}.Release|x64.ActiveCfg = Release|x64
		{B0796BE0-3327-45E2-BF15-2D8613FD2359}.Release|x64.Build.0 = Release|x64
		{B0796BE0-3327-45E2-BF15-2D8613FD2359}.Release|x86.ActiveCfg = Release|Win32
		{B0796BE0-3327-45E2-BF15-2D8613FD2359}.Release|x86.Build.0 = Release|Win32
		{37E26302-0690-4F4D-B061-F08EA2D6AA84}.Debug|x64.ActiveCfg = Debug|x64
		{37E26302-0690-4F4D-B061-F08EA2D6AA84}.Debug|x64.Build.0 = Debug|x64
		{37E26302-0690-4F4D-B061-F08EA2D6AA84}.Debug|x86.ActiveCfg = Debug|Win32
		{37E26302-0690-4F4D-B061-F08EA2D6AA84}.Debug|x86.Build.0 = Debug|Win32
		{37E26302-0690-4F4D-B061-F08EA2D6AA84}.Release|x64.ActiveCfg = Release|x64
		{37E26302-0690-4F4D-B061-F08EA2D6AA84}.Release|x64.Build.0 = Release|x64
		{37E26302-0690-4F4D-B061-F08EA2D6AA84}.Release|x86.ActiveCfg = Release|Win32
		{37E26302-0690-4F4D-B061-F08EA2D6AA84}.Release|x86.Build.0 = Release|Win32
		{0FCECD38-5D96-43EB-8A57-DC56DCA8C37A}.Debug|x64.ActiveCfg = Debug|x64
		{0FCECD38-5D96-43EB-8A57-DC56DCA8C37A}.Debug|x64.Build.0 = Debug|x64
		{0FCECD38-5D96-43EB-8A57-DC56DCA8C37A}.Debug|x86.ActiveCfg = Debug|Win32
		{0FCECD38-5D96-43EB-8A57-DC56DCA8C37A}.Debug|x86.Build.0 = Debug|Win32
		{0FCECD38-5D96-43EB-8A57-DC56DCA8C37A}.Release|x64.ActiveCfg = Release|x64
		{0FCECD38-5D96-43EB-8A57-DC56DCA8C37A}.Release|x64.Build.0 = Release|x64
		{0FCECD38-5D96-43EB-8A57-DC56DCA8C37A}.Release|x86.ActiveCfg = Release|Win32
		{0FCECD38-5D96-43EB-8A57-DC56DCA8C37A}.Release|x86.Build.0 = Release|Win32
		{88607AAE-6AA2-45E7-9486-30AD26E406C0}.Debug|x64.ActiveCfg = Debug|x64
		{88607AAE-6AA2-45E7-9486-30AD26E406C0}.Debug|x64.Build.0 = Debug|x64
		{88607AAE-6AA2-45E7-9486-30AD26E406C0}.Debug|x86.ActiveCfg = Debug|Win32
		{88607AAE-6AA2-45E7-9486-30AD26E406C0}.Debug|x86.Build.0 = Debug|Win32
		{88607AAE-6AA2-45E7-9486-30AD26E406C0}.Release|x64.ActiveCfg = Release|x64
		{88607AAE-6AA2-45E7-9486-30AD26E406C0}.Release|x64.Build.0 = Release|x64
		{88607AAE-6AA2-45E7-9486-30AD26E406C0}.Release|x86.ActiveCfg = Release|Win32
		{88607AAE-6AA2-45E7-9486-30AD26E406C0}.Release|x86.Build.0 = Release|Win32
		{8B727918-093C-41C5-A29B-5DF3CAE82794}.Debug|x64.ActiveCfg = Debug|x64
		{8B727918-093C-41C5-A29B-5DF3CAE82794}.Debug|x64.Build.0 = Debug|x64
		{8B727918-093C-41C5-A29B-5DF3CAE82794}.Debug|x86.ActiveCfg = Debug|Win32
		{8B727918-093C-41C5-A29B-5DF3CAE82794}.Debug|x86.Build.0 = Debug|Win32
		{8B727918-093C-41C5-A29B-5DF3CAE82794}.Release|x64.ActiveCfg = Release|x64
		{8B727918-093C-41C5-A29B-5DF3CAE82794}.Release|x64.Build.0 = Release|x64
		{8B727918-093C-41C5-A29B-5DF3CAE82794}.Release|x86.ActiveCfg = Release|Win32
		{8B727918-093C-41C5-A29B-5DF3CAE82794}.Release|x86.Build.0 = Release|Win32
		{1BA0AE4A-6380-44D5-BF9E-B515A36A9BC0}.Debug|x64.ActiveCfg = Debug|x64
		{1BA0AE4A-6380-44D5-BF9E-B515A36A9BC0}.Debug|x64.Build.0 = Debug|x64
		{1BA0AE4A-6380-44D5-BF9E-B515A36A9BC0}.Debug|x86.ActiveCfg = Debug|Win32
		{1BA0AE4A-6380-44D5-BF9E-B515A36A9BC0}.Debug|x86.Build.0 = Debug|Win32
		{1BA0AE4A-6380-44D5-BF9E-B515A36A9BC0}.Release|x64.ActiveCfg = Release|x64
		{1BA0AE4A-6380-44D5-BF9E-B515A36A9BC0}.Release|x64.Build.0 = Release|x64
		{1BA0AE4A-6380-44D5-BF9E-B515A36A9BC0}.Release|x86.ActiveCfg = Release|Win32
		{1BA0AE4A-6380-44D5-BF9E-B515A36A9BC0}.Release|x86.Build.0 = Release|Win32
		{BBFEE4DC-614C-48BC-9034-9A451633D199}.Debug|x64.ActiveCfg = Debug|x64
		{BBFEE4DC-614C-48BC-9034-9A451633D199}.Debug|x64.Build.0 = Debug|x64
		{BBFEE4DC-614C-48BC-9034-9A451633D199}.Debug|x86.ActiveCfg = Debug|Win32
		{BBFEE4DC-614C-48BC-9034-9A451633D199}.Debug|x86.Build.0 = Debug|Win32
		{BBFEE4DC-614C-48BC-9034-9A451633D199}.Release|x64.ActiveCfg = Release|x64
		{BBFEE4DC-614C-48BC-9034-9A451633D199}.Release|x64.Build.0 = Release|x64
		{BBFEE4DC-614C-48BC-9034-9A451633D199}.Release|x86.ActiveCfg = Release|Win32
		{BBFEE4DC-614C-48BC-9034-9A451633D199}.Release|x86.Build.0 = Release|Win32
		{81C0F7B8-330F-4AF0-B04C-FC9A764BFCAB}.Debug|x64.ActiveCfg = Debug|x64
		{81C0F7B8-330F-4AF0-B04C-FC9A764BFCAB}.Debug|x64.Build.0 = Debug|x64
		{81C0F7B8-330F-4AF0-B04C-FC9A764BFCAB}.Debug|x86.ActiveCfg = Debug|Win32
		{81C0F7B8-330F-4AF0-B04C-FC9A764BFCAB}.Debug|x86.Build.0 = Debug|Win32
		{81C0F7B8-330F-4AF0-B04C-FC9A764BFCAB}.Release|x64.ActiveCfg = Release|x64
		{81C0F7B8-330F-4AF0-B04C-FC9A764BFCAB}.Release|x64.Build.0 = Release|x64
		{81C0F7B8-330F-4AF0-B04C-FC9A764BFCAB}.Release|x86.ActiveCfg = Release|Win32
		{81C0F7B8-330F-4AF0-B04C-FC9A764BFCAB}.Release|x86.Build.0 = Release|Win32
		{E7410191-5431-4CE2-8198-9DBF1C86329F}.Debug|x64.ActiveCfg = Debug|x64
		{E7410191-5431-4CE2-8198-9DBF1C86329F}.Debug|x64.Build.0 = Debug|x64
		{E7410191-5431-4CE2-8198-9DBF1C86329F}.Debug|x86.ActiveCfg = Debug|Win32
		{E7410191-5431-4CE2-8198-9DBF1C86329F}.Debug|x86.Build.0 = Debug|Win32
		{E7410191-5431-4CE2-8198-9DBF1C86329F}.Release|x64.ActiveCfg = Release|x64
		{E7410191-5431-4CE2-8198-9DBF1C86329F}.Release|x64.Build.0 = Release|x64
		{E7410191-5431-4CE2-8198-9DBF1C86329F}.Release|x86.ActiveCfg = Release|Win32
		{E7410191-5431-4CE2-8198-9DBF1C86329F}.Release|x86.Build.0 = Release|Win32
		{0DF25844-9E05-47B4-A815-FC77A38A7EB9}.Debug|x64.ActiveCfg = Debug|x64
		{0DF25844-9E05-47B4-A815-FC77A38A7EB9}.Debug|x64.Build.0 = Debug|x64
		{0DF25844-9E05-47B4-A815-FC77A38A7EB9}.Debug|x86.ActiveCfg = Debug|Win32
		{0DF25844-9E05-47B4-A815-FC77A38A7EB9}.Debug|x86.Build.0 = Debug|Win32
		{0DF25844-9E05-47B4-A815-FC77A38A7EB9}.Release|x64.ActiveCfg = Release|x64
		{0DF25844-9E05-47B4-A815-FC77A38A7EB9}.Release|x64.Build.0 = Release|x64
		{0DF25844-9E05-47B4-A815-FC77A38A7EB9}.Release|x86.ActiveCfg = Release|Win32
		{0DF25844-9E05-47B4-A815-FC77A38A7EB9}.Release|x86.Build.0 = Release|Win32
		{67ACEA98-EFF4-4D69-9B22-D251AB90660E}.Debug|x64.ActiveCfg = Debug|x64
		{67ACEA98-EFF4-4D69-9B22-D251AB90660E}.Debug|x64.Build.0 = Debug|x64
		{67ACEA98-EFF4-4D69-9B22-D251AB90660E}.Debug|x86.ActiveCfg = Debug|Win32
		{67ACEA98-EFF4-4D69-9B22-D251AB90660E}.Debug|x86.Build.0 = Debug|Win32
		{67ACEA98-EFF4-4D69-9B22-D251AB90660E}.Release|x64.ActiveCfg = Release|x64
		{67ACEA98-EFF4-4D69-9B22-D251AB90660E}.Release|x64.Build.0 = Release|x64
		{67ACEA98-EFF4-4D69-9B22-D251AB90660E}.Release|x86.ActiveCfg = Release|Win32
		{67ACEA98-EFF4-4D69-9B22-D251AB90660E}.Release|x86.Build.0 = Release|Win32
		{9CBAE50F-94FA-47A8-B6E2-F4A77BB96A25}.Debug|x64.ActiveCfg = Debug|x64
		{9CBAE50F-94FA-47A8-B6E2-F4A77BB96A25}.Debug|x64.Build.0 = Debug|x64
		{9CBAE50F-94FA-47A8-B6E2-F4A77BB96A25}.Debug|x86.ActiveCfg = Debug|Win32
		{9CBAE50F-94FA-47A8-B6E2-F4A77BB96A25}.Debug|x86.Build.0 = Debug|Win32
		{9CBAE50F-94FA-47A8-B6E2-F4A77BB96A25}.Release|x64.ActiveCfg = Release|x64
		{9CBAE50F-94FA-47A8-B6E2-F4A77BB96A25}.Release|x64.Build.0 = Release|x64
		{9CBAE50F-94FA-47A8-B6E2-F4A77BB96A25}.Release|x86.ActiveCfg = Release|Win32
		{9CBAE50F-94FA-47A8-B6E2-F4A77BB96A25}.Release|x86.Build.0 = Release|Win32
		{DFAB9ABE-6550-4D01-B87E-FCDFA7ECCB6E}.Debug|x64.ActiveCfg = Debug|x64
		{DFAB9ABE-6550-4D01-B87E-FCDFA7ECCB6E}.Debug|x64.Build.0 = Debug|x64
		{DFAB9ABE-6550-4D01-B87E-FCDFA7ECCB6E}.Debug|x86.ActiveCfg = Debug|Win32
		{DFAB9ABE-6550-4D01-B87E-FCDFA7ECCB6E}.Debug|x86.Build.0 = Debug|Win32
		{DFAB9ABE-6550-4D01-B87E-FCDFA7ECCB6E}.Release|x64.ActiveCfg = Release|x64
		{DFAB9ABE-6550-4D01-B87E-FCDFA7ECCB6E}.Release|x64.Build.0 = Release|x64
		{DFAB9ABE-6550-4D01-B87E-FCDFA7ECCB6E}.Release|x86.ActiveCfg = Release|Win32
		{DFAB9ABE-6550-4D01-B87E-FCDFA7ECCB6E}.Release|x86.Build.0 = Release|Win32
		{3A5DE5A8-C99B-47C1-A653-6C7A6C48A8FE}.Debug|x64.ActiveCfg = Debug|x64
		{3A5DE5A8-C99B-47C1-A653-6C7A6C48A8FE}.Debug|x64.Build.0 = Debug|x64
		{3A5DE5A8-C99B-47C1-A653-6C7A6C48A8FE}.Debug|x86.ActiveCfg = Debug|Win32
		{3A5DE5A8-C99B-47C1-A653-6C7A6C48A8FE}.Debug|x86.Build.0 = Debug|Win32
		{3A5DE5A8-C99B-47C1-A653-6C7A6C48A8FE}.Release|x64.ActiveCfg = Release|x64
		{3A5DE5A8-C99B-47C1-A653-6C7A6C48A8FE}.Release|x64.Build.0 = Release|x64
		{3A5DE5A8-C99B-47C1-A653-6C7A6C48A8FE}.Release|x86.ActiveCfg = Release|Win32
		{3A5DE5A8-C99B-47C1-A653-6C7A6C48A8FE}.Release|x86.Build.0 = Release|Win32
		{6696E33B-D3E9-4F50-B7E5-84649B66E73C}.Debug|x64.ActiveCfg = Debug|x64
		{6696E33B-D3E9-4F50-B7E5-84649B66E73C}.Debug|x64.Build.0 = Debug|x64
		{6696E33B-D3E9-4F50-B7E5-84649B66E73C}.Debug|x86.ActiveCfg = Debug|Win32
		{6696E33B-D3E9-4F50-B7E5-84649B66E73C}.Debug|x86.Build.0 = Debug|Win32
		{6696E33B-D3E9-4F50-B7E5-84649B66E73C}.Release|x64.ActiveCfg = Release|x64
		{6696E33B-D3E9-4F50-B7E5-84649B66E73C}.Release|x64.Build.0 = Release|x64
		{6696E33B-D3E9-4F50-B7E5-84649B66E73C}.Release|x86.ActiveCfg = Release|Win32
		{6696E33B-D3E9-4F50-B7E5-84649B66E73C}.Release|x86.Build.0 = Release|Win32
	EndGlobalSection
	GlobalSection(SolutionProperties) = preSolution
		HideSolutionNode = FALSE
	EndGlobalSection
	GlobalSection(NestedProjects) = preSolution
		{0FCECD38-5D96-43EB-8A57-DC56DCA8C37A} = {A966BEE6-632F-4DF0-A7DC-1F7D6B11B349}
		{88607AAE-6AA2-45E7-9486-30AD26E406C0} = {A966BEE6-632F-4DF0-A7DC-1F7D6B11B349}
		{8B727918-093C-41C5-A29B-5DF3CAE82794} = {A966BEE6-632F-4DF0-A7DC-1F7D6B11B349}
		{1BA0AE4A-6380-44D5-BF9E-B515A36A9BC0} = {A966BEE6-632F-4DF0-A7DC-1F7D6B11B349}
		{BBFEE4DC-614C-48BC-9034-9A451633D199} = {A966BEE6-632F-4DF0-A7DC-1F7D6B11B349}
		{81C0F7B8-330F-4AF0-B04C-FC9A764BFCAB} = {A966BEE6-632F-4DF0-A7DC-1F7D6B11B349}
		{E7410191-5431-4CE2-8198-9DBF1C86329F} = {A966BEE6-632F-4DF0-A7DC-1F7D6B11B349}
		{0DF25844-9E05-47B4-A815-FC77A38A7EB9} = {A966BEE6-632F-4DF0-A7DC-1F7D6B11B349}
		{67ACEA98-EFF4-4D69-9B22-D251AB90660E} = {A966BEE6-632F-4DF0-A7DC-1F7D6B11B349}
		{9CBAE50F-94FA-47A8-B6E2-F4A77BB96A25} = {A966BEE6-632F-4DF0-A7DC-1F7D6B11B349}
		{DFAB9ABE-6550-4D01-B87E-FCDFA7ECCB6E} = {A966BEE6-632F-4DF0-A7DC-1F7D6B11B349}
		{3A5DE5A8-C99B-47C1-A653-6C7A6C48A8FE} = {A966BEE6-632F-4DF0-A7DC-1F7D6B11B349}
		{6696E33B-D3E9-4F50-B7E5-84649B66E73C} = {A966BEE6-632F-4DF0-A7DC-1F7D6B11B349}
	EndGlobalSection
	GlobalSection(ExtensibilityGlobals) = postSolution
		SolutionGuid = {A9BB647B-8818-4C1C-BAB0-80D670736A90}
	EndGlobalSection
EndGlobal
